
Microsoft Visual Studio Solution File, Format Version 12.00
# Visual Studio Version 17
VisualStudioVersion = 17.4.33205.214
MinimumVisualStudioVersion = 10.0.40219.1
Project("{9A19103F-16F7-4668-BE54-9A1E7A4F7556}") = "Exam1.Web", "Exam1.Web\Exam1.Web.csproj", "{369E69A5-65B1-4650-A53D-3A2D5DED5BD1}"
EndProject
Project("{FAE04EC0-301F-11D3-BF4B-00C04F79EFBC}") = "Exam1.Application", "Exam1.Application\Exam1.Application.csproj", "{97A3576E-051D-45ED-A3A0-FA1818E8CF1B}"
EndProject
Project("{FAE04EC0-301F-11D3-BF4B-00C04F79EFBC}") = "Exam1.Infrastructure", "Exam1.Infrastructure\Exam1.Infrastructure.csproj", "{FB91A279-AD66-46CD-8D20-EC2BDB753B91}"
EndProject
Project("{FAE04EC0-301F-11D3-BF4B-00C04F79EFBC}") = "Exam1.Domain", "Exam1.Domain\Exam1.Domain.csproj", "{098945C1-AA8B-4A45-8D02-674EB4E0515A}"
EndProject
Global
	GlobalSection(SolutionConfigurationPlatforms) = preSolution
		Debug|Any CPU = Debug|Any CPU
		Release|Any CPU = Release|Any CPU
	EndGlobalSection
	GlobalSection(ProjectConfigurationPlatforms) = postSolution
		{369E69A5-65B1-4650-A53D-3A2D5DED5BD1}.Debug|Any CPU.ActiveCfg = Debug|Any CPU
		{369E69A5-65B1-4650-A53D-3A2D5DED5BD1}.Debug|Any CPU.Build.0 = Debug|Any CPU
		{369E69A5-65B1-4650-A53D-3A2D5DED5BD1}.Release|Any CPU.ActiveCfg = Release|Any CPU
		{369E69A5-65B1-4650-A53D-3A2D5DED5BD1}.Release|Any CPU.Build.0 = Release|Any CPU
		{97A3576E-051D-45ED-A3A0-FA1818E8CF1B}.Debug|Any CPU.ActiveCfg = Debug|Any CPU
		{97A3576E-051D-45ED-A3A0-FA1818E8CF1B}.Debug|Any CPU.Build.0 = Debug|Any CPU
		{97A3576E-051D-45ED-A3A0-FA1818E8CF1B}.Release|Any CPU.ActiveCfg = Release|Any CPU
		{97A3576E-051D-45ED-A3A0-FA1818E8CF1B}.Release|Any CPU.Build.0 = Release|Any CPU
		{FB91A279-AD66-46CD-8D20-EC2BDB753B91}.Debug|Any CPU.ActiveCfg = Debug|Any CPU
		{FB91A279-AD66-46CD-8D20-EC2BDB753B91}.Debug|Any CPU.Build.0 = Debug|Any CPU
		{FB91A279-AD66-46CD-8D20-EC2BDB753B91}.Release|Any CPU.ActiveCfg = Release|Any CPU
		{FB91A279-AD66-46CD-8D20-EC2BDB753B91}.Release|Any CPU.Build.0 = Release|Any CPU
		{098945C1-AA8B-4A45-8D02-674EB4E0515A}.Debug|Any CPU.ActiveCfg = Debug|Any CPU
		{098945C1-AA8B-4A45-8D02-674EB4E0515A}.Debug|Any CPU.Build.0 = Debug|Any CPU
		{098945C1-AA8B-4A45-8D02-674EB4E0515A}.Release|Any CPU.ActiveCfg = Release|Any CPU
		{098945C1-AA8B-4A45-8D02-674EB4E0515A}.Release|Any CPU.Build.0 = Release|Any CPU
	EndGlobalSection
	GlobalSection(SolutionProperties) = preSolution
		HideSolutionNode = FALSE
	EndGlobalSection
	GlobalSection(ExtensibilityGlobals) = postSolution
		SolutionGuid = {F228AAC9-F164-4746-988C-21BAF7F9ABA6}
	EndGlobalSection
EndGlobal
