
Microsoft Visual Studio Solution File, Format Version 12.00
# Visual Studio Version 17
VisualStudioVersion = 17.7.34031.279
MinimumVisualStudioVersion = 10.0.40219.1
Project("{9A19103F-16F7-4668-BE54-9A1E7A4F7556}") = "PracticeApplication1", "PracticeApplication1\PracticeApplication1.csproj", "{46ED1F4A-8DAC-4402-B409-863FA30D5630}"
EndProject
Project("{9A19103F-16F7-4668-BE54-9A1E7A4F7556}") = "PracticeApplication1.Domain", "PracticeApplication.Domain\PracticeApplication1.Domain.csproj", "{E7228530-C2E3-4599-8A64-BA68700A7A38}"
EndProject
Project("{9A19103F-16F7-4668-BE54-9A1E7A4F7556}") = "PracticeApplication1.Application", "PracticeApplication.Application\PracticeApplication1.Application.csproj", "{4E2CF041-5CFD-4674-9F48-DC982CCA217B}"
EndProject
Project("{9A19103F-16F7-4668-BE54-9A1E7A4F7556}") = "PracticeApplication1.Infrastructure", "PracticeApplication.Infrastructure\PracticeApplication1.Infrastructure.csproj", "{645A16CD-65A4-45BC-B699-D912C97FD3EE}"
EndProject
Global
	GlobalSection(SolutionConfigurationPlatforms) = preSolution
		Debug|Any CPU = Debug|Any CPU
		Release|Any CPU = Release|Any CPU
	EndGlobalSection
	GlobalSection(ProjectConfigurationPlatforms) = postSolution
		{46ED1F4A-8DAC-4402-B409-863FA30D5630}.Debug|Any CPU.ActiveCfg = Debug|Any CPU
		{46ED1F4A-8DAC-4402-B409-863FA30D5630}.Debug|Any CPU.Build.0 = Debug|Any CPU
		{46ED1F4A-8DAC-4402-B409-863FA30D5630}.Release|Any CPU.ActiveCfg = Release|Any CPU
		{46ED1F4A-8DAC-4402-B409-863FA30D5630}.Release|Any CPU.Build.0 = Release|Any CPU
		{E7228530-C2E3-4599-8A64-BA68700A7A38}.Debug|Any CPU.ActiveCfg = Debug|Any CPU
		{E7228530-C2E3-4599-8A64-BA68700A7A38}.Debug|Any CPU.Build.0 = Debug|Any CPU
		{E7228530-C2E3-4599-8A64-BA68700A7A38}.Release|Any CPU.ActiveCfg = Release|Any CPU
		{E7228530-C2E3-4599-8A64-BA68700A7A38}.Release|Any CPU.Build.0 = Release|Any CPU
		{4E2CF041-5CFD-4674-9F48-DC982CCA217B}.Debug|Any CPU.ActiveCfg = Debug|Any CPU
		{4E2CF041-5CFD-4674-9F48-DC982CCA217B}.Debug|Any CPU.Build.0 = Debug|Any CPU
		{4E2CF041-5CFD-4674-9F48-DC982CCA217B}.Release|Any CPU.ActiveCfg = Release|Any CPU
		{4E2CF041-5CFD-4674-9F48-DC982CCA217B}.Release|Any CPU.Build.0 = Release|Any CPU
		{645A16CD-65A4-45BC-B699-D912C97FD3EE}.Debug|Any CPU.ActiveCfg = Debug|Any CPU
		{645A16CD-65A4-45BC-B699-D912C97FD3EE}.Debug|Any CPU.Build.0 = Debug|Any CPU
		{645A16CD-65A4-45BC-B699-D912C97FD3EE}.Release|Any CPU.ActiveCfg = Release|Any CPU
		{645A16CD-65A4-45BC-B699-D912C97FD3EE}.Release|Any CPU.Build.0 = Release|Any CPU
	EndGlobalSection
	GlobalSection(SolutionProperties) = preSolution
		HideSolutionNode = FALSE
	EndGlobalSection
	GlobalSection(ExtensibilityGlobals) = postSolution
		SolutionGuid = {13BCB554-7189-4A7F-881C-8B2019428928}
	EndGlobalSection
EndGlobal
